github.com/nyudlts/bytemath v0.0.0-20220407170247-5070297ba554 h1:KnOyvfNvFlIOTT4F+k/Qj+aorSIiXoDjRSGucqHQdlQ=
github.com/nyudlts/bytemath v0.0.0-20220407170247-5070297ba554/go.mod h1:FnqjOA9VSBFlhm3/Mz4fuL6pFuEK0JkuiStNB7GUcUM=
github.com/spf13/cast v1.4.1 h1:s0hze+J0196ZfEMTs80N7UlFt0BDuQ7Q+JDnHiMWKdA=
